
Microsoft Visual Studio Solution File, Format Version 12.00
Project("{FAE04EC0-301F-11D3-BF4B-00C04F79EFBC}") = "CSharpAdvanced", "CSharpAdvanced\CSharpAdvanced.csproj", "{390A8D84-E444-4866-80DD-1630CFA914A4}"
EndProject
Project("{FAE04EC0-301F-11D3-BF4B-00C04F79EFBC}") = "Classes", "Classes\Classes.csproj", "{9AE80F9D-96E5-4D86-BA32-C2DFEA9206B6}"
EndProject
Project("{FAE04EC0-301F-11D3-BF4B-00C04F79EFBC}") = "Generics", "Generics\Generics.csproj", "{F3BB6D7B-7B06-40DB-993E-3A45CB5D8FFA}"
EndProject
Project("{FAE04EC0-301F-11D3-BF4B-00C04F79EFBC}") = "Delegates", "Delegates\Delegates.csproj", "{9142B122-F781-40E3-9B70-B6F1BDD1E4E9}"
EndProject
Project("{FAE04EC0-301F-11D3-BF4B-00C04F79EFBC}") = "Events", "Events\Events.csproj", "{41D9B5CD-B421-40C5-AA83-D7F14EE40165}"
EndProject
Project("{FAE04EC0-301F-11D3-BF4B-00C04F79EFBC}") = "Lambdas", "Lambdas\Lambdas.csproj", "{4EECC4E4-8565-4226-BB0E-DBA8C1F82E9E}"
EndProject
Global
	GlobalSection(SolutionConfigurationPlatforms) = preSolution
		Debug|Any CPU = Debug|Any CPU
		Release|Any CPU = Release|Any CPU
	EndGlobalSection
	GlobalSection(ProjectConfigurationPlatforms) = postSolution
		{390A8D84-E444-4866-80DD-1630CFA914A4}.Debug|Any CPU.ActiveCfg = Debug|Any CPU
		{390A8D84-E444-4866-80DD-1630CFA914A4}.Debug|Any CPU.Build.0 = Debug|Any CPU
		{390A8D84-E444-4866-80DD-1630CFA914A4}.Release|Any CPU.ActiveCfg = Release|Any CPU
		{390A8D84-E444-4866-80DD-1630CFA914A4}.Release|Any CPU.Build.0 = Release|Any CPU
		{9AE80F9D-96E5-4D86-BA32-C2DFEA9206B6}.Debug|Any CPU.ActiveCfg = Debug|Any CPU
		{9AE80F9D-96E5-4D86-BA32-C2DFEA9206B6}.Debug|Any CPU.Build.0 = Debug|Any CPU
		{9AE80F9D-96E5-4D86-BA32-C2DFEA9206B6}.Release|Any CPU.ActiveCfg = Release|Any CPU
		{9AE80F9D-96E5-4D86-BA32-C2DFEA9206B6}.Release|Any CPU.Build.0 = Release|Any CPU
		{F3BB6D7B-7B06-40DB-993E-3A45CB5D8FFA}.Debug|Any CPU.ActiveCfg = Debug|Any CPU
		{F3BB6D7B-7B06-40DB-993E-3A45CB5D8FFA}.Debug|Any CPU.Build.0 = Debug|Any CPU
		{F3BB6D7B-7B06-40DB-993E-3A45CB5D8FFA}.Release|Any CPU.ActiveCfg = Release|Any CPU
		{F3BB6D7B-7B06-40DB-993E-3A45CB5D8FFA}.Release|Any CPU.Build.0 = Release|Any CPU
		{9142B122-F781-40E3-9B70-B6F1BDD1E4E9}.Debug|Any CPU.ActiveCfg = Debug|Any CPU
		{9142B122-F781-40E3-9B70-B6F1BDD1E4E9}.Debug|Any CPU.Build.0 = Debug|Any CPU
		{9142B122-F781-40E3-9B70-B6F1BDD1E4E9}.Release|Any CPU.ActiveCfg = Release|Any CPU
		{9142B122-F781-40E3-9B70-B6F1BDD1E4E9}.Release|Any CPU.Build.0 = Release|Any CPU
		{41D9B5CD-B421-40C5-AA83-D7F14EE40165}.Debug|Any CPU.ActiveCfg = Debug|Any CPU
		{41D9B5CD-B421-40C5-AA83-D7F14EE40165}.Debug|Any CPU.Build.0 = Debug|Any CPU
		{41D9B5CD-B421-40C5-AA83-D7F14EE40165}.Release|Any CPU.ActiveCfg = Release|Any CPU
		{41D9B5CD-B421-40C5-AA83-D7F14EE40165}.Release|Any CPU.Build.0 = Release|Any CPU
		{4EECC4E4-8565-4226-BB0E-DBA8C1F82E9E}.Debug|Any CPU.ActiveCfg = Debug|Any CPU
		{4EECC4E4-8565-4226-BB0E-DBA8C1F82E9E}.Debug|Any CPU.Build.0 = Debug|Any CPU
		{4EECC4E4-8565-4226-BB0E-DBA8C1F82E9E}.Release|Any CPU.ActiveCfg = Release|Any CPU
		{4EECC4E4-8565-4226-BB0E-DBA8C1F82E9E}.Release|Any CPU.Build.0 = Release|Any CPU
	EndGlobalSection
EndGlobal
