
Microsoft Visual Studio Solution File, Format Version 12.00
Project("{FAE04EC0-301F-11D3-BF4B-00C04F79EFBC}") = "Blobs", "Blobs\Blobs.csproj", "{3B749BE9-AF6C-4DCC-8BD7-1C02D34B846A}"
EndProject
Global
	GlobalSection(SolutionConfigurationPlatforms) = preSolution
		Debug|Any CPU = Debug|Any CPU
		Release|Any CPU = Release|Any CPU
	EndGlobalSection
	GlobalSection(ProjectConfigurationPlatforms) = postSolution
		{3B749BE9-AF6C-4DCC-8BD7-1C02D34B846A}.Debug|Any CPU.ActiveCfg = Debug|Any CPU
		{3B749BE9-AF6C-4DCC-8BD7-1C02D34B846A}.Debug|Any CPU.Build.0 = Debug|Any CPU
		{3B749BE9-AF6C-4DCC-8BD7-1C02D34B846A}.Release|Any CPU.ActiveCfg = Release|Any CPU
		{3B749BE9-AF6C-4DCC-8BD7-1C02D34B846A}.Release|Any CPU.Build.0 = Release|Any CPU
	EndGlobalSection
EndGlobal
